
Microsoft Visual Studio Solution File, Format Version 12.00
# Visual Studio Version 17
VisualStudioVersion = 17.7.34009.444
MinimumVisualStudioVersion = 10.0.40219.1
Project("{FAE04EC0-301F-11D3-BF4B-00C04F79EFBC}") = "Web_UI_Interface", "Web_UI_Interface\Web_UI_Interface.csproj", "{1C352B98-88F1-4DAB-B02B-7464AEFD4B9E}"
EndProject
Project("{FAE04EC0-301F-11D3-BF4B-00C04F79EFBC}") = "BusinessLayer", "Business\BusinessLayer.csproj", "{0D762AB9-250D-47E3-9B87-61060379E968}"
EndProject
Project("{FAE04EC0-301F-11D3-BF4B-00C04F79EFBC}") = "DataLayer", "DataLayer\DataLayer.csproj", "{084F41C1-6F8E-467E-BD5F-B437361D9934}"
EndProject
Project("{FAE04EC0-301F-11D3-BF4B-00C04F79EFBC}") = "MiddlewareLayer", "MiddlewareLayer\MiddlewareLayer.csproj", "{4F774D89-02C7-485A-83A1-D975597E9E39}"
EndProject
Global
	GlobalSection(SolutionConfigurationPlatforms) = preSolution
		Debug|Any CPU = Debug|Any CPU
		Release|Any CPU = Release|Any CPU
	EndGlobalSection
	GlobalSection(ProjectConfigurationPlatforms) = postSolution
		{1C352B98-88F1-4DAB-B02B-7464AEFD4B9E}.Debug|Any CPU.ActiveCfg = Debug|Any CPU
		{1C352B98-88F1-4DAB-B02B-7464AEFD4B9E}.Debug|Any CPU.Build.0 = Debug|Any CPU
		{1C352B98-88F1-4DAB-B02B-7464AEFD4B9E}.Release|Any CPU.ActiveCfg = Release|Any CPU
		{1C352B98-88F1-4DAB-B02B-7464AEFD4B9E}.Release|Any CPU.Build.0 = Release|Any CPU
		{0D762AB9-250D-47E3-9B87-61060379E968}.Debug|Any CPU.ActiveCfg = Debug|Any CPU
		{0D762AB9-250D-47E3-9B87-61060379E968}.Debug|Any CPU.Build.0 = Debug|Any CPU
		{0D762AB9-250D-47E3-9B87-61060379E968}.Release|Any CPU.ActiveCfg = Release|Any CPU
		{0D762AB9-250D-47E3-9B87-61060379E968}.Release|Any CPU.Build.0 = Release|Any CPU
		{084F41C1-6F8E-467E-BD5F-B437361D9934}.Debug|Any CPU.ActiveCfg = Debug|Any CPU
		{084F41C1-6F8E-467E-BD5F-B437361D9934}.Debug|Any CPU.Build.0 = Debug|Any CPU
		{084F41C1-6F8E-467E-BD5F-B437361D9934}.Release|Any CPU.ActiveCfg = Release|Any CPU
		{084F41C1-6F8E-467E-BD5F-B437361D9934}.Release|Any CPU.Build.0 = Release|Any CPU
		{4F774D89-02C7-485A-83A1-D975597E9E39}.Debug|Any CPU.ActiveCfg = Debug|Any CPU
		{4F774D89-02C7-485A-83A1-D975597E9E39}.Debug|Any CPU.Build.0 = Debug|Any CPU
		{4F774D89-02C7-485A-83A1-D975597E9E39}.Release|Any CPU.ActiveCfg = Release|Any CPU
		{4F774D89-02C7-485A-83A1-D975597E9E39}.Release|Any CPU.Build.0 = Release|Any CPU
	EndGlobalSection
	GlobalSection(SolutionProperties) = preSolution
		HideSolutionNode = FALSE
	EndGlobalSection
	GlobalSection(ExtensibilityGlobals) = postSolution
		SolutionGuid = {A4873A7B-156D-4AEE-BD7C-C3795F153E17}
	EndGlobalSection
EndGlobal
